
Microsoft Visual Studio Solution File, Format Version 12.00
# Visual Studio Version 17
VisualStudioVersion = 17.6.33712.159
MinimumVisualStudioVersion = 10.0.40219.1
Project("{9A19103F-16F7-4668-BE54-9A1E7A4F7556}") = "VeijoForumBackend", "VeijoForumBackend\VeijoForumBackend.csproj", "{C107AAD7-698D-41BC-93F4-7C24898F2CBF}"
EndProject
Global
	GlobalSection(SolutionConfigurationPlatforms) = preSolution
		Debug|Any CPU = Debug|Any CPU
		Release|Any CPU = Release|Any CPU
	EndGlobalSection
	GlobalSection(ProjectConfigurationPlatforms) = postSolution
		{C107AAD7-698D-41BC-93F4-7C24898F2CBF}.Debug|Any CPU.ActiveCfg = Debug|Any CPU
		{C107AAD7-698D-41BC-93F4-7C24898F2CBF}.Debug|Any CPU.Build.0 = Debug|Any CPU
		{C107AAD7-698D-41BC-93F4-7C24898F2CBF}.Release|Any CPU.ActiveCfg = Release|Any CPU
		{C107AAD7-698D-41BC-93F4-7C24898F2CBF}.Release|Any CPU.Build.0 = Release|Any CPU
	EndGlobalSection
	GlobalSection(SolutionProperties) = preSolution
		HideSolutionNode = FALSE
	EndGlobalSection
	GlobalSection(ExtensibilityGlobals) = postSolution
		SolutionGuid = {E87B02F8-34CC-4799-AB87-979CFD43C480}
	EndGlobalSection
EndGlobal
